{
  "name": "react-crud",
  "lockfileVersion": 3,
  "requires": true,
  "packages": {
    "": {
      "dependencies": {
        "cra-template-redux-typescript": "^2.0.0"
      }
    },
    "node_modules/cra-template-redux-typescript": {
      "version": "2.0.0",
      "resolved": "https://registry.npmjs.org/cra-template-redux-typescript/-/cra-template-redux-typescript-2.0.0.tgz",
      "integrity": "sha512-z9/fS7wPVrqkmr8RkKOVZRsm1ZAEvoDDOXtCuhz/c4gC2bG2DqnnJILazrYsewBZKlCMMH4cLXTKBY49NQhxZg==",
      "engines": {
        "node": ">=8.10"
      }
    }
  }
}
